
Microsoft Visual Studio Solution File, Format Version 12.00
# Visual Studio Version 17
VisualStudioVersion = 17.10.34928.147
MinimumVisualStudioVersion = 10.0.40219.1
Project("{8BC9CEB8-8B4A-11D0-8D11-00A0C91BC942}") = "OpenGL UNO", "OpenGL UNO\OpenGL UNO.vcxproj", "{B2661208-53B9-4466-BF03-BBC1ACB9F29E}"
EndProject
Global
	GlobalSection(SolutionConfigurationPlatforms) = preSolution
		Debug|x64 = Debug|x64
		Release|x64 = Release|x64
	EndGlobalSection
	GlobalSection(ProjectConfigurationPlatforms) = postSolution
		{B2661208-53B9-4466-BF03-BBC1ACB9F29E}.Debug|x64.ActiveCfg = Debug|x64
		{B2661208-53B9-4466-BF03-BBC1ACB9F29E}.Debug|x64.Build.0 = Debug|x64
		{B2661208-53B9-4466-BF03-BBC1ACB9F29E}.Release|x64.ActiveCfg = Release|x64
		{B2661208-53B9-4466-BF03-BBC1ACB9F29E}.Release|x64.Build.0 = Release|x64
	EndGlobalSection
	GlobalSection(SolutionProperties) = preSolution
		HideSolutionNode = FALSE
	EndGlobalSection
	GlobalSection(ExtensibilityGlobals) = postSolution
		SolutionGuid = {32C3E409-E0F1-4745-8871-D245AD7DB965}
	EndGlobalSection
EndGlobal
